// !$*UTF8*$!
{
	archiveVersion = 1;
	classes = {
	};
	objectVersion = 46;
	objects = {

/* Begin PBXBuildFile section */
		0808FD5B1E3889390052AF9A /* Urgence.swift in Sources */ = {isa = PBXBuildFile; fileRef = 0808FD5A1E3889390052AF9A /* Urgence.swift */; };
		0808FD5D1E38A6A00052AF9A /* Taches.swift in Sources */ = {isa = PBXBuildFile; fileRef = 0808FD5C1E38A6A00052AF9A /* Taches.swift */; };
		081270911E38B2B60046D8A3 /* TachesTableViewCell.swift in Sources */ = {isa = PBXBuildFile; fileRef = 081270901E38B2B60046D8A3 /* TachesTableViewCell.swift */; };
		081270931E38BC3F0046D8A3 /* TachesTableViewController.swift in Sources */ = {isa = PBXBuildFile; fileRef = 081270921E38BC3F0046D8A3 /* TachesTableViewController.swift */; };
		08D812FC1E379EC00094E4C4 /* AppDelegate.swift in Sources */ = {isa = PBXBuildFile; fileRef = 08D812FB1E379EC00094E4C4 /* AppDelegate.swift */; };
		08D812FE1E379EC00094E4C4 /* ViewController.swift in Sources */ = {isa = PBXBuildFile; fileRef = 08D812FD1E379EC00094E4C4 /* ViewController.swift */; };
		08D813011E379EC00094E4C4 /* Main.storyboard in Resources */ = {isa = PBXBuildFile; fileRef = 08D812FF1E379EC00094E4C4 /* Main.storyboard */; };
		08D813031E379EC00094E4C4 /* Assets.xcassets in Resources */ = {isa = PBXBuildFile; fileRef = 08D813021E379EC00094E4C4 /* Assets.xcassets */; };
		08D813061E379EC00094E4C4 /* LaunchScreen.storyboard in Resources */ = {isa = PBXBuildFile; fileRef = 08D813041E379EC00094E4C4 /* LaunchScreen.storyboard */; };
		08D813111E379EC00094E4C4 /* TaskPlanTests.swift in Sources */ = {isa = PBXBuildFile; fileRef = 08D813101E379EC00094E4C4 /* TaskPlanTests.swift */; };
/* End PBXBuildFile section */

/* Begin PBXContainerItemProxy section */
		08D8130D1E379EC00094E4C4 /* PBXContainerItemProxy */ = {
			isa = PBXContainerItemProxy;
			containerPortal = 08D812F01E379EC00094E4C4 /* Project object */;
			proxyType = 1;
			remoteGlobalIDString = 08D812F71E379EC00094E4C4;
			remoteInfo = TaskPlan;
		};
/* End PBXContainerItemProxy section */

/* Begin PBXFileReference section */
		0808FD5A1E3889390052AF9A /* Urgence.swift */ = {isa = PBXFileReference; fileEncoding = 4; lastKnownFileType = sourcecode.swift; path = Urgence.swift; sourceTree = "<group>"; };
		0808FD5C1E38A6A00052AF9A /* Taches.swift */ = {isa = PBXFileReference; fileEncoding = 4; lastKnownFileType = sourcecode.swift; path = Taches.swift; sourceTree = "<group>"; };
		081270901E38B2B60046D8A3 /* TachesTableViewCell.swift */ = {isa = PBXFileReference; fileEncoding = 4; lastKnownFileType = sourcecode.swift; path = TachesTableViewCell.swift; sourceTree = "<group>"; };
		081270921E38BC3F0046D8A3 /* TachesTableViewController.swift */ = {isa = PBXFileReference; fileEncoding = 4; lastKnownFileType = sourcecode.swift; path = TachesTableViewController.swift; sourceTree = "<group>"; };
		08D812F81E379EC00094E4C4 /* TaskPlan.app */ = {isa = PBXFileReference; explicitFileType = wrapper.application; includeInIndex = 0; path = TaskPlan.app; sourceTree = BUILT_PRODUCTS_DIR; };
		08D812FB1E379EC00094E4C4 /* AppDelegate.swift */ = {isa = PBXFileReference; lastKnownFileType = sourcecode.swift; path = AppDelegate.swift; sourceTree = "<group>"; };
		08D812FD1E379EC00094E4C4 /* ViewController.swift */ = {isa = PBXFileReference; lastKnownFileType = sourcecode.swift; path = ViewController.swift; sourceTree = "<group>"; };
		08D813001E379EC00094E4C4 /* Base */ = {isa = PBXFileReference; lastKnownFileType = file.storyboard; name = Base; path = Base.lproj/Main.storyboard; sourceTree = "<group>"; };
		08D813021E379EC00094E4C4 /* Assets.xcassets */ = {isa = PBXFileReference; lastKnownFileType = folder.assetcatalog; path = Assets.xcassets; sourceTree = "<group>"; };
		08D813051E379EC00094E4C4 /* Base */ = {isa = PBXFileReference; lastKnownFileType = file.storyboard; name = Base; path = Base.lproj/LaunchScreen.storyboard; sourceTree = "<group>"; };
		08D813071E379EC00094E4C4 /* Info.plist */ = {isa = PBXFileReference; lastKnownFileType = text.plist.xml; path = Info.plist; sourceTree = "<group>"; };
		08D8130C1E379EC00094E4C4 /* TaskPlanTests.xctest */ = {isa = PBXFileReference; explicitFileType = wrapper.cfbundle; includeInIndex = 0; path = TaskPlanTests.xctest; sourceTree = BUILT_PRODUCTS_DIR; };
		08D813101E379EC00094E4C4 /* TaskPlanTests.swift */ = {isa = PBXFileReference; lastKnownFileType = sourcecode.swift; path = TaskPlanTests.swift; sourceTree = "<group>"; };
		08D813121E379EC00094E4C4 /* Info.plist */ = {isa = PBXFileReference; lastKnownFileType = text.plist.xml; path = Info.plist; sourceTree = "<group>"; };
/* End PBXFileReference section */

/* Begin PBXFrameworksBuildPhase section */
		08D812F51E379EC00094E4C4 /* Frameworks */ = {
			isa = PBXFrameworksBuildPhase;
			buildActionMask = 2147483647;
			files = (
			);
			runOnlyForDeploymentPostprocessing = 0;
		};
		08D813091E379EC00094E4C4 /* Frameworks */ = {
			isa = PBXFrameworksBuildPhase;
			buildActionMask = 2147483647;
			files = (
			);
			runOnlyForDeploymentPostprocessing = 0;
		};
/* End PBXFrameworksBuildPhase section */

/* Begin PBXGroup section */
		08D812EF1E379EC00094E4C4 = {
			isa = PBXGroup;
			children = (
				08D812FA1E379EC00094E4C4 /* TaskPlan */,
				08D8130F1E379EC00094E4C4 /* TaskPlanTests */,
				08D812F91E379EC00094E4C4 /* Products */,
			);
			sourceTree = "<group>";
		};
		08D812F91E379EC00094E4C4 /* Products */ = {
			isa = PBXGroup;
			children = (
				08D812F81E379EC00094E4C4 /* TaskPlan.app */,
				08D8130C1E379EC00094E4C4 /* TaskPlanTests.xctest */,
			);
			name = Products;
			sourceTree = "<group>";
		};
		08D812FA1E379EC00094E4C4 /* TaskPlan */ = {
			isa = PBXGroup;
			children = (
				08D812FB1E379EC00094E4C4 /* AppDelegate.swift */,
				0808FD5A1E3889390052AF9A /* Urgence.swift */,
				08D812FD1E379EC00094E4C4 /* ViewController.swift */,
				0808FD5C1E38A6A00052AF9A /* Taches.swift */,
				081270901E38B2B60046D8A3 /* TachesTableViewCell.swift */,
				081270921E38BC3F0046D8A3 /* TachesTableViewController.swift */,
				08D812FF1E379EC00094E4C4 /* Main.storyboard */,
				08D813021E379EC00094E4C4 /* Assets.xcassets */,
				08D813041E379EC00094E4C4 /* LaunchScreen.storyboard */,
				08D813071E379EC00094E4C4 /* Info.plist */,
			);
			path = TaskPlan;
			sourceTree = "<group>";
		};
		08D8130F1E379EC00094E4C4 /* TaskPlanTests */ = {
			isa = PBXGroup;
			children = (
				08D813101E379EC00094E4C4 /* TaskPlanTests.swift */,
				08D813121E379EC00094E4C4 /* Info.plist */,
			);
			path = TaskPlanTests;
			sourceTree = "<group>";
		};
/* End PBXGroup section */

/* Begin PBXNativeTarget section */
		08D812F71E379EC00094E4C4 /* TaskPlan */ = {
			isa = PBXNativeTarget;
			buildConfigurationList = 08D813151E379EC00094E4C4 /* Build configuration list for PBXNativeTarget "TaskPlan" */;
			buildPhases = (
				08D812F41E379EC00094E4C4 /* Sources */,
				08D812F51E379EC00094E4C4 /* Frameworks */,
				08D812F61E379EC00094E4C4 /* Resources */,
			);
			buildRules = (
			);
			dependencies = (
			);
			name = TaskPlan;
			productName = TaskPlan;
			productReference = 08D812F81E379EC00094E4C4 /* TaskPlan.app */;
			productType = "com.apple.product-type.application";
		};
		08D8130B1E379EC00094E4C4 /* TaskPlanTests */ = {
			isa = PBXNativeTarget;
			buildConfigurationList = 08D813181E379EC00094E4C4 /* Build configuration list for PBXNativeTarget "TaskPlanTests" */;
			buildPhases = (
				08D813081E379EC00094E4C4 /* Sources */,
				08D813091E379EC00094E4C4 /* Frameworks */,
				08D8130A1E379EC00094E4C4 /* Resources */,
			);
			buildRules = (
			);
			dependencies = (
				08D8130E1E379EC00094E4C4 /* PBXTargetDependency */,
			);
			name = TaskPlanTests;
			productName = TaskPlanTests;
			productReference = 08D8130C1E379EC00094E4C4 /* TaskPlanTests.xctest */;
			productType = "com.apple.product-type.bundle.unit-test";
		};
/* End PBXNativeTarget section */

/* Begin PBXProject section */
		08D812F01E379EC00094E4C4 /* Project object */ = {
			isa = PBXProject;
			attributes = {
				LastSwiftUpdateCheck = 0820;
				LastUpgradeCheck = 0820;
				ORGANIZATIONNAME = "Matthieu Turmo";
				TargetAttributes = {
					08D812F71E379EC00094E4C4 = {
						CreatedOnToolsVersion = 8.2.1;
						DevelopmentTeam = GBZW2B94KS;
						ProvisioningStyle = Automatic;
					};
					08D8130B1E379EC00094E4C4 = {
						CreatedOnToolsVersion = 8.2.1;
						DevelopmentTeam = GBZW2B94KS;
						ProvisioningStyle = Automatic;
						TestTargetID = 08D812F71E379EC00094E4C4;
					};
				};
			};
			buildConfigurationList = 08D812F31E379EC00094E4C4 /* Build configuration list for PBXProject "TaskPlan" */;
			compatibilityVersion = "Xcode 3.2";
			developmentRegion = English;
			hasScannedForEncodings = 0;
			knownRegions = (
				en,
				Base,
			);
			mainGroup = 08D812EF1E379EC00094E4C4;
			productRefGroup = 08D812F91E379EC00094E4C4 /* Products */;
			projectDirPath = "";
			projectRoot = "";
			targets = (
				08D812F71E379EC00094E4C4 /* TaskPlan */,
				08D8130B1E379EC00094E4C4 /* TaskPlanTests */,
			);
		};
/* End PBXProject section */

/* Begin PBXResourcesBuildPhase section */
		08D812F61E379EC00094E4C4 /* Resources */ = {
			isa = PBXResourcesBuildPhase;
			buildActionMask = 2147483647;
			files = (
				08D813061E379EC00094E4C4 /* LaunchScreen.storyboard in Resources */,
				08D813031E379EC00094E4C4 /* Assets.xcassets in Resources */,
				08D813011E379EC00094E4C4 /* Main.storyboard in Resources */,
			);
			runOnlyForDeploymentPostprocessing = 0;
		};
		08D8130A1E379EC00094E4C4 /* Resources */ = {
			isa = PBXResourcesBuildPhase;
			buildActionMask = 2147483647;
			files = (
			);
			runOnlyForDeploymentPostprocessing = 0;
		};
/* End PBXResourcesBuildPhase section */

/* Begin PBXSourcesBuildPhase section */
		08D812F41E379EC00094E4C4 /* Sources */ = {
			isa = PBXSourcesBuildPhase;
			buildActionMask = 2147483647;
			files = (
				08D812FE1E379EC00094E4C4 /* ViewController.swift in Sources */,
				081270931E38BC3F0046D8A3 /* TachesTableViewController.swift in Sources */,
				08D812FC1E379EC00094E4C4 /* AppDelegate.swift in Sources */,
				081270911E38B2B60046D8A3 /* TachesTableViewCell.swift in Sources */,
				0808FD5B1E3889390052AF9A /* Urgence.swift in Sources */,
				0808FD5D1E38A6A00052AF9A /* Taches.swift in Sources */,
			);
			runOnlyForDeploymentPostprocessing = 0;
		};
		08D813081E379EC00094E4C4 /* Sources */ = {
			isa = PBXSourcesBuildPhase;
			buildActionMask = 2147483647;
			files = (
				08D813111E379EC00094E4C4 /* TaskPlanTests.swift in Sources */,
			);
			runOnlyForDeploymentPostprocessing = 0;
		};
/* End PBXSourcesBuildPhase section */

/* Begin PBXTargetDependency section */
		08D8130E1E379EC00094E4C4 /* PBXTargetDependency */ = {
			isa = PBXTargetDependency;
			target = 08D812F71E379EC00094E4C4 /* TaskPlan */;
			targetProxy = 08D8130D1E379EC00094E4C4 /* PBXContainerItemProxy */;
		};
/* End PBXTargetDependency section */

/* Begin PBXVariantGroup section */
		08D812FF1E379EC00094E4C4 /* Main.storyboard */ = {
			isa = PBXVariantGroup;
			children = (
				08D813001E379EC00094E4C4 /* Base */,
			);
			name = Main.storyboard;
			sourceTree = "<group>";
		};
		08D813041E379EC00094E4C4 /* LaunchScreen.storyboard */ = {
			isa = PBXVariantGroup;
			children = (
				08D813051E379EC00094E4C4 /* Base */,
			);
			name = LaunchScreen.storyboard;
			sourceTree = "<group>";
		};
/* End PBXVariantGroup section */

/* Begin XCBuildConfiguration section */
		08D813131E379EC00094E4C4 /* Debug */ = {
			isa = XCBuildConfiguration;
			buildSettings = {
				ALWAYS_SEARCH_USER_PATHS = NO;
				CLANG_ANALYZER_NONNULL = YES;
				CLANG_CXX_LANGUAGE_STANDARD = "gnu++0x";
				CLANG_CXX_LIBRARY = "libc++";
				CLANG_ENABLE_MODULES = YES;
				CLANG_ENABLE_OBJC_ARC = YES;
				CLANG_WARN_BOOL_CONVERSION = YES;
				CLANG_WARN_CONSTANT_CONVERSION = YES;
				CLANG_WARN_DIRECT_OBJC_ISA_USAGE = YES_ERROR;
				CLANG_WARN_DOCUMENTATION_COMMENTS = YES;
				CLANG_WARN_EMPTY_BODY = YES;
				CLANG_WARN_ENUM_CONVERSION = YES;
				CLANG_WARN_INFINITE_RECURSION = YES;
				CLANG_WARN_INT_CONVERSION = YES;
				CLANG_WARN_OBJC_ROOT_CLASS = YES_ERROR;
				CLANG_WARN_SUSPICIOUS_MOVE = YES;
				CLANG_WARN_UNREACHABLE_CODE = YES;
				CLANG_WARN__DUPLICATE_METHOD_MATCH = YES;
				"CODE_SIGN_IDENTITY[sdk=iphoneos*]" = "iPhone Developer";
				COPY_PHASE_STRIP = NO;
				DEBUG_INFORMATION_FORMAT = dwarf;
				ENABLE_STRICT_OBJC_MSGSEND = YES;
				ENABLE_TESTABILITY = YES;
				GCC_C_LANGUAGE_STANDARD = gnu99;
				GCC_DYNAMIC_NO_PIC = NO;
				GCC_NO_COMMON_BLOCKS = YES;
				GCC_OPTIMIZATION_LEVEL = 0;
				GCC_PREPROCESSOR_DEFINITIONS = (
					"DEBUG=1",
					"$(inherited)",
				);
				GCC_WARN_64_TO_32_BIT_CONVERSION = YES;
				GCC_WARN_ABOUT_RETURN_TYPE = YES_ERROR;
				GCC_WARN_UNDECLARED_SELECTOR = YES;
				GCC_WARN_UNINITIALIZED_AUTOS = YES_AGGRESSIVE;
				GCC_WARN_UNUSED_FUNCTION = YES;
				GCC_WARN_UNUSED_VARIABLE = YES;
				IPHONEOS_DEPLOYMENT_TARGET = 10.2;
				MTL_ENABLE_DEBUG_INFO = YES;
				ONLY_ACTIVE_ARCH = YES;
				SDKROOT = iphoneos;
				SWIFT_ACTIVE_COMPILATION_CONDITIONS = DEBUG;
				SWIFT_OPTIMIZATION_LEVEL = "-Onone";
				TARGETED_DEVICE_FAMILY = "1,2";
			};
			name = Debug;
		};
		08D813141E379EC00094E4C4 /* Release */ = {
			isa = XCBuildConfiguration;
			buildSettings = {
				ALWAYS_SEARCH_USER_PATHS = NO;
				CLANG_ANALYZER_NONNULL = YES;
				CLANG_CXX_LANGUAGE_STANDARD = "gnu++0x";
				CLANG_CXX_LIBRARY = "libc++";
				CLANG_ENABLE_MODULES = YES;
				CLANG_ENABLE_OBJC_ARC = YES;
				CLANG_WARN_BOOL_CONVERSION = YES;
				CLANG_WARN_CONSTANT_CONVERSION = YES;
				CLANG_WARN_DIRECT_OBJC_ISA_USAGE = YES_ERROR;
				CLANG_WARN_DOCUMENTATION_COMMENTS = YES;
				CLANG_WARN_EMPTY_BODY = YES;
				CLANG_WARN_ENUM_CONVERSION = YES;
				CLANG_WARN_INFINITE_RECURSION = YES;
				CLANG_WARN_INT_CONVERSION = YES;
				CLANG_WARN_OBJC_ROOT_CLASS = YES_ERROR;
				CLANG_WARN_SUSPICIOUS_MOVE = YES;
				CLANG_WARN_UNREACHABLE_CODE = YES;
				CLANG_WARN__DUPLICATE_METHOD_MATCH = YES;
				"CODE_SIGN_IDENTITY[sdk=iphoneos*]" = "iPhone Developer";
				COPY_PHASE_STRIP = NO;
				DEBUG_INFORMATION_FORMAT = "dwarf-with-dsym";
				ENABLE_NS_ASSERTIONS = NO;
				ENABLE_STRICT_OBJC_MSGSEND = YES;
				GCC_C_LANGUAGE_STANDARD = gnu99;
				GCC_NO_COMMON_BLOCKS = YES;
				GCC_WARN_64_TO_32_BIT_CONVERSION = YES;
				GCC_WARN_ABOUT_RETURN_TYPE = YES_ERROR;
				GCC_WARN_UNDECLARED_SELECTOR = YES;
				GCC_WARN_UNINITIALIZED_AUTOS = YES_AGGRESSIVE;
				GCC_WARN_UNUSED_FUNCTION = YES;
				GCC_WARN_UNUSED_VARIABLE = YES;
				IPHONEOS_DEPLOYMENT_TARGET = 10.2;
				MTL_ENABLE_DEBUG_INFO = NO;
				SDKROOT = iphoneos;
				SWIFT_OPTIMIZATION_LEVEL = "-Owholemodule";
				TARGETED_DEVICE_FAMILY = "1,2";
				VALIDATE_PRODUCT = YES;
			};
			name = Release;
		};
		08D813161E379EC00094E4C4 /* Debug */ = {
			isa = XCBuildConfiguration;
			buildSettings = {
				ASSETCATALOG_COMPILER_APPICON_NAME = AppIcon;
				DEVELOPMENT_TEAM = GBZW2B94KS;
				INFOPLIST_FILE = TaskPlan/Info.plist;
				LD_RUNPATH_SEARCH_PATHS = "$(inherited) @executable_path/Frameworks";
				PRODUCT_BUNDLE_IDENTIFIER = MatthieuTurmoOrg.TaskPlan;
				PRODUCT_NAME = "$(TARGET_NAME)";
				SWIFT_VERSION = 3.0;
			};
			name = Debug;
		};
		08D813171E379EC00094E4C4 /* Release */ = {
			isa = XCBuildConfiguration;
			buildSettings = {
				ASSETCATALOG_COMPILER_APPICON_NAME = AppIcon;
				DEVELOPMENT_TEAM = GBZW2B94KS;
				INFOPLIST_FILE = TaskPlan/Info.plist;
				LD_RUNPATH_SEARCH_PATHS = "$(inherited) @executable_path/Frameworks";
				PRODUCT_BUNDLE_IDENTIFIER = MatthieuTurmoOrg.TaskPlan;
				PRODUCT_NAME = "$(TARGET_NAME)";
				SWIFT_VERSION = 3.0;
			};
			name = Release;
		};
		08D813191E379EC00094E4C4 /* Debug */ = {
			isa = XCBuildConfiguration;
			buildSettings = {
				ALWAYS_EMBED_SWIFT_STANDARD_LIBRARIES = YES;
				BUNDLE_LOADER = "$(TEST_HOST)";
				DEVELOPMENT_TEAM = GBZW2B94KS;
				INFOPLIST_FILE = TaskPlanTests/Info.plist;
				LD_RUNPATH_SEARCH_PATHS = "$(inherited) @executable_path/Frameworks @loader_path/Frameworks";
				PRODUCT_BUNDLE_IDENTIFIER = MatthieuTurmoOrg.TaskPlanTests;
				PRODUCT_NAME = "$(TARGET_NAME)";
				SWIFT_VERSION = 3.0;
				TEST_HOST = "$(BUILT_PRODUCTS_DIR)/TaskPlan.app/TaskPlan";
			};
			name = Debug;
		};
		08D8131A1E379EC00094E4C4 /* Release */ = {
			isa = XCBuildConfiguration;
			buildSettings = {
				ALWAYS_EMBED_SWIFT_STANDARD_LIBRARIES = YES;
				BUNDLE_LOADER = "$(TEST_HOST)";
				DEVELOPMENT_TEAM = GBZW2B94KS;
				INFOPLIST_FILE = TaskPlanTests/Info.plist;
				LD_RUNPATH_SEARCH_PATHS = "$(inherited) @executable_path/Frameworks @loader_path/Frameworks";
				PRODUCT_BUNDLE_IDENTIFIER = MatthieuTurmoOrg.TaskPlanTests;
				PRODUCT_NAME = "$(TARGET_NAME)";
				SWIFT_VERSION = 3.0;
				TEST_HOST = "$(BUILT_PRODUCTS_DIR)/TaskPlan.app/TaskPlan";
			};
			name = Release;
		};
/* End XCBuildConfiguration section */

/* Begin XCConfigurationList section */
		08D812F31E379EC00094E4C4 /* Build configuration list for PBXProject "TaskPlan" */ = {
			isa = XCConfigurationList;
			buildConfigurations = (
				08D813131E379EC00094E4C4 /* Debug */,
				08D813141E379EC00094E4C4 /* Release */,
			);
			defaultConfigurationIsVisible = 0;
			defaultConfigurationName = Release;
		};
		08D813151E379EC00094E4C4 /* Build configuration list for PBXNativeTarget "TaskPlan" */ = {
			isa = XCConfigurationList;
			buildConfigurations = (
				08D813161E379EC00094E4C4 /* Debug */,
				08D813171E379EC00094E4C4 /* Release */,
			);
			defaultConfigurationIsVisible = 0;
			defaultConfigurationName = Release;
		};
		08D813181E379EC00094E4C4 /* Build configuration list for PBXNativeTarget "TaskPlanTests" */ = {
			isa = XCConfigurationList;
			buildConfigurations = (
				08D813191E379EC00094E4C4 /* Debug */,
				08D8131A1E379EC00094E4C4 /* Release */,
			);
			defaultConfigurationIsVisible = 0;
			defaultConfigurationName = Release;
		};
/* End XCConfigurationList section */
	};
	rootObject = 08D812F01E379EC00094E4C4 /* Project object */;
}
